
Microsoft Visual Studio Solution File, Format Version 12.00
# Visual Studio Version 16
VisualStudioVersion = 16.0.31205.134
MinimumVisualStudioVersion = 10.0.40219.1
Project("{FAE04EC0-301F-11D3-BF4B-00C04F79EFBC}") = "Practice1_Ex1", "Practice1_Ex1\Practice1_Ex1.csproj", "{523096B6-14E4-4C7C-8C81-243CA4B39E53}"
EndProject
Project("{FAE04EC0-301F-11D3-BF4B-00C04F79EFBC}") = "Practice1_Ex2", "Practice1_Ex2\Practice1_Ex2.csproj", "{8572B2FB-8688-4C09-B8AC-BBE4EEA57C25}"
EndProject
Project("{FAE04EC0-301F-11D3-BF4B-00C04F79EFBC}") = "Practice1_Ex3", "Practice1_Ex3\Practice1_Ex3.csproj", "{75D776EE-7272-49A6-AECA-C66CE8314652}"
EndProject
Project("{FAE04EC0-301F-11D3-BF4B-00C04F79EFBC}") = "Practice3_Ex2", "Practice3_Ex2\Practice3_Ex2.csproj", "{879379AA-CC4D-47D6-8126-ABC109BE452D}"
EndProject
Project("{FAE04EC0-301F-11D3-BF4B-00C04F79EFBC}") = "Practice2_Ex1", "Practice2_Ex1\Practice2_Ex1.csproj", "{964CE2F1-212A-4B32-B5B4-5C6214B3E5BD}"
EndProject
Project("{FAE04EC0-301F-11D3-BF4B-00C04F79EFBC}") = "Practice2_Ex2", "Practice2_Ex2\Practice2_Ex2.csproj", "{85DF486A-969D-45C5-B358-EB1585DF262F}"
EndProject
Project("{FAE04EC0-301F-11D3-BF4B-00C04F79EFBC}") = "Practice3_Ex1", "Practice3_Ex1\Practice3_Ex1.csproj", "{3DFF9817-7C5D-4FC5-AEB3-A51A097591D3}"
EndProject
Project("{FAE04EC0-301F-11D3-BF4B-00C04F79EFBC}") = "Practice3_Ex3", "Practice3_Ex3\Practice3_Ex3.csproj", "{53D2F995-5AF0-42A3-9689-1FBC4DC86137}"
EndProject
Project("{FAE04EC0-301F-11D3-BF4B-00C04F79EFBC}") = "Practice4_Ex1", "Practice4_Ex1\Practice4_Ex1.csproj", "{C298C534-BAF1-4AC2-88C7-6130DCB94FA6}"
EndProject
Project("{FAE04EC0-301F-11D3-BF4B-00C04F79EFBC}") = "Practice4_Ex2", "Practice4_Ex2\Practice4_Ex2.csproj", "{92BF11F4-FBE8-4001-92C5-047906D10CA6}"
EndProject
Project("{FAE04EC0-301F-11D3-BF4B-00C04F79EFBC}") = "Practice5_Ex1", "Practice5_Ex1\Practice5_Ex1.csproj", "{2B6F9234-1E76-4438-A29A-1FD290844920}"
EndProject
Project("{FAE04EC0-301F-11D3-BF4B-00C04F79EFBC}") = "Practice5_Ex2", "Practice5_Ex2\Practice5_Ex2.csproj", "{EA09EC93-A71D-41B5-BB64-B4456F7B923F}"
EndProject
Project("{FAE04EC0-301F-11D3-BF4B-00C04F79EFBC}") = "Practice6_Ex1", "Practice6_Ex1\Practice6_Ex1.csproj", "{140510F1-6B63-4BBD-A8FE-CB4D146C0951}"
EndProject
Project("{FAE04EC0-301F-11D3-BF4B-00C04F79EFBC}") = "Practice6_Ex2", "Practice6_Ex2\Practice6_Ex2.csproj", "{6FD0D310-94B0-4006-8297-20A856E4F0E4}"
EndProject
Project("{FAE04EC0-301F-11D3-BF4B-00C04F79EFBC}") = "Practice7_Ex1", "Practice7_Ex1\Practice7_Ex1.csproj", "{CB9FDA5F-4BFE-45FB-85CE-8206E17E0BF2}"
EndProject
Project("{FAE04EC0-301F-11D3-BF4B-00C04F79EFBC}") = "Practice7_Ex2", "Practice7_Ex2\Practice7_Ex2.csproj", "{F11E2C51-FAD3-4DFD-82A1-D30CEB542118}"
EndProject
Project("{FAE04EC0-301F-11D3-BF4B-00C04F79EFBC}") = "Practice8_Ex1", "Practice8_Ex1\Practice8_Ex1.csproj", "{578756C0-67DB-42EA-BEF9-65ED8F0212AB}"
EndProject
Project("{FAE04EC0-301F-11D3-BF4B-00C04F79EFBC}") = "Practice9_Ex1", "Practice9_Ex1\Practice9_Ex1.csproj", "{91B85069-83FE-4570-BA63-40051E6831DF}"
EndProject
Project("{FAE04EC0-301F-11D3-BF4B-00C04F79EFBC}") = "Practice10_Ex1", "Practice10_Ex1\Practice10_Ex1.csproj", "{F2DD2057-8844-4E8C-AECD-22CD84842727}"
EndProject
Project("{FAE04EC0-301F-11D3-BF4B-00C04F79EFBC}") = "Practice10_Ex2", "Practice10_Ex2\Practice10_Ex2.csproj", "{28467A9B-1288-429C-BEA8-A46DD0262EE9}"
EndProject
Project("{FAE04EC0-301F-11D3-BF4B-00C04F79EFBC}") = "Practice11_Ex1", "Practice11_Ex1\Practice11_Ex1.csproj", "{560F5EEC-0107-4AA4-85DD-586C84AF34A0}"
EndProject
Project("{FAE04EC0-301F-11D3-BF4B-00C04F79EFBC}") = "Practice11_Ex2", "Practice11_Ex2\Practice11_Ex2.csproj", "{F7CDBD74-DAB8-46EB-8CAF-77F79EEB7D79}"
EndProject
Project("{FAE04EC0-301F-11D3-BF4B-00C04F79EFBC}") = "Practice12_Ex1", "Practice12_Ex1\Practice12_Ex1.csproj", "{CE1109BF-FBDD-4144-B66D-B891D5852290}"
EndProject
Project("{FAE04EC0-301F-11D3-BF4B-00C04F79EFBC}") = "Lab1", "Lab1\Lab1.csproj", "{5E5158EE-2B66-4764-B758-DCA7BDBAC42B}"
EndProject
Project("{FAE04EC0-301F-11D3-BF4B-00C04F79EFBC}") = "Lab2_MVVM", "Lab2_MVVM\Lab2_MVVM.csproj", "{7D5F188F-000A-4B30-A3B9-452A3C989F87}"
EndProject
Project("{9A19103F-16F7-4668-BE54-9A1E7A4F7556}") = "WPFCalculator", "WPFCalculator\WPFCalculator.csproj", "{B8977321-080E-45CB-9632-75F816055B23}"
EndProject
Global
	GlobalSection(SolutionConfigurationPlatforms) = preSolution
		Debug|Any CPU = Debug|Any CPU
		Release|Any CPU = Release|Any CPU
	EndGlobalSection
	GlobalSection(ProjectConfigurationPlatforms) = postSolution
		{523096B6-14E4-4C7C-8C81-243CA4B39E53}.Debug|Any CPU.ActiveCfg = Debug|Any CPU
		{523096B6-14E4-4C7C-8C81-243CA4B39E53}.Debug|Any CPU.Build.0 = Debug|Any CPU
		{523096B6-14E4-4C7C-8C81-243CA4B39E53}.Release|Any CPU.ActiveCfg = Release|Any CPU
		{523096B6-14E4-4C7C-8C81-243CA4B39E53}.Release|Any CPU.Build.0 = Release|Any CPU
		{8572B2FB-8688-4C09-B8AC-BBE4EEA57C25}.Debug|Any CPU.ActiveCfg = Debug|Any CPU
		{8572B2FB-8688-4C09-B8AC-BBE4EEA57C25}.Debug|Any CPU.Build.0 = Debug|Any CPU
		{8572B2FB-8688-4C09-B8AC-BBE4EEA57C25}.Release|Any CPU.ActiveCfg = Release|Any CPU
		{8572B2FB-8688-4C09-B8AC-BBE4EEA57C25}.Release|Any CPU.Build.0 = Release|Any CPU
		{75D776EE-7272-49A6-AECA-C66CE8314652}.Debug|Any CPU.ActiveCfg = Debug|Any CPU
		{75D776EE-7272-49A6-AECA-C66CE8314652}.Debug|Any CPU.Build.0 = Debug|Any CPU
		{75D776EE-7272-49A6-AECA-C66CE8314652}.Release|Any CPU.ActiveCfg = Release|Any CPU
		{75D776EE-7272-49A6-AECA-C66CE8314652}.Release|Any CPU.Build.0 = Release|Any CPU
		{879379AA-CC4D-47D6-8126-ABC109BE452D}.Debug|Any CPU.ActiveCfg = Debug|Any CPU
		{879379AA-CC4D-47D6-8126-ABC109BE452D}.Debug|Any CPU.Build.0 = Debug|Any CPU
		{879379AA-CC4D-47D6-8126-ABC109BE452D}.Release|Any CPU.ActiveCfg = Release|Any CPU
		{879379AA-CC4D-47D6-8126-ABC109BE452D}.Release|Any CPU.Build.0 = Release|Any CPU
		{964CE2F1-212A-4B32-B5B4-5C6214B3E5BD}.Debug|Any CPU.ActiveCfg = Debug|Any CPU
		{964CE2F1-212A-4B32-B5B4-5C6214B3E5BD}.Debug|Any CPU.Build.0 = Debug|Any CPU
		{964CE2F1-212A-4B32-B5B4-5C6214B3E5BD}.Release|Any CPU.ActiveCfg = Release|Any CPU
		{964CE2F1-212A-4B32-B5B4-5C6214B3E5BD}.Release|Any CPU.Build.0 = Release|Any CPU
		{85DF486A-969D-45C5-B358-EB1585DF262F}.Debug|Any CPU.ActiveCfg = Debug|Any CPU
		{85DF486A-969D-45C5-B358-EB1585DF262F}.Debug|Any CPU.Build.0 = Debug|Any CPU
		{85DF486A-969D-45C5-B358-EB1585DF262F}.Release|Any CPU.ActiveCfg = Release|Any CPU
		{85DF486A-969D-45C5-B358-EB1585DF262F}.Release|Any CPU.Build.0 = Release|Any CPU
		{3DFF9817-7C5D-4FC5-AEB3-A51A097591D3}.Debug|Any CPU.ActiveCfg = Debug|Any CPU
		{3DFF9817-7C5D-4FC5-AEB3-A51A097591D3}.Debug|Any CPU.Build.0 = Debug|Any CPU
		{3DFF9817-7C5D-4FC5-AEB3-A51A097591D3}.Release|Any CPU.ActiveCfg = Release|Any CPU
		{3DFF9817-7C5D-4FC5-AEB3-A51A097591D3}.Release|Any CPU.Build.0 = Release|Any CPU
		{53D2F995-5AF0-42A3-9689-1FBC4DC86137}.Debug|Any CPU.ActiveCfg = Debug|Any CPU
		{53D2F995-5AF0-42A3-9689-1FBC4DC86137}.Debug|Any CPU.Build.0 = Debug|Any CPU
		{53D2F995-5AF0-42A3-9689-1FBC4DC86137}.Release|Any CPU.ActiveCfg = Release|Any CPU
		{53D2F995-5AF0-42A3-9689-1FBC4DC86137}.Release|Any CPU.Build.0 = Release|Any CPU
		{C298C534-BAF1-4AC2-88C7-6130DCB94FA6}.Debug|Any CPU.ActiveCfg = Debug|Any CPU
		{C298C534-BAF1-4AC2-88C7-6130DCB94FA6}.Debug|Any CPU.Build.0 = Debug|Any CPU
		{C298C534-BAF1-4AC2-88C7-6130DCB94FA6}.Release|Any CPU.ActiveCfg = Release|Any CPU
		{C298C534-BAF1-4AC2-88C7-6130DCB94FA6}.Release|Any CPU.Build.0 = Release|Any CPU
		{92BF11F4-FBE8-4001-92C5-047906D10CA6}.Debug|Any CPU.ActiveCfg = Debug|Any CPU
		{92BF11F4-FBE8-4001-92C5-047906D10CA6}.Debug|Any CPU.Build.0 = Debug|Any CPU
		{92BF11F4-FBE8-4001-92C5-047906D10CA6}.Release|Any CPU.ActiveCfg = Release|Any CPU
		{92BF11F4-FBE8-4001-92C5-047906D10CA6}.Release|Any CPU.Build.0 = Release|Any CPU
		{2B6F9234-1E76-4438-A29A-1FD290844920}.Debug|Any CPU.ActiveCfg = Debug|Any CPU
		{2B6F9234-1E76-4438-A29A-1FD290844920}.Debug|Any CPU.Build.0 = Debug|Any CPU
		{2B6F9234-1E76-4438-A29A-1FD290844920}.Release|Any CPU.ActiveCfg = Release|Any CPU
		{2B6F9234-1E76-4438-A29A-1FD290844920}.Release|Any CPU.Build.0 = Release|Any CPU
		{EA09EC93-A71D-41B5-BB64-B4456F7B923F}.Debug|Any CPU.ActiveCfg = Debug|Any CPU
		{EA09EC93-A71D-41B5-BB64-B4456F7B923F}.Debug|Any CPU.Build.0 = Debug|Any CPU
		{EA09EC93-A71D-41B5-BB64-B4456F7B923F}.Release|Any CPU.ActiveCfg = Release|Any CPU
		{EA09EC93-A71D-41B5-BB64-B4456F7B923F}.Release|Any CPU.Build.0 = Release|Any CPU
		{140510F1-6B63-4BBD-A8FE-CB4D146C0951}.Debug|Any CPU.ActiveCfg = Debug|Any CPU
		{140510F1-6B63-4BBD-A8FE-CB4D146C0951}.Debug|Any CPU.Build.0 = Debug|Any CPU
		{140510F1-6B63-4BBD-A8FE-CB4D146C0951}.Release|Any CPU.ActiveCfg = Release|Any CPU
		{140510F1-6B63-4BBD-A8FE-CB4D146C0951}.Release|Any CPU.Build.0 = Release|Any CPU
		{6FD0D310-94B0-4006-8297-20A856E4F0E4}.Debug|Any CPU.ActiveCfg = Debug|Any CPU
		{6FD0D310-94B0-4006-8297-20A856E4F0E4}.Debug|Any CPU.Build.0 = Debug|Any CPU
		{6FD0D310-94B0-4006-8297-20A856E4F0E4}.Release|Any CPU.ActiveCfg = Release|Any CPU
		{6FD0D310-94B0-4006-8297-20A856E4F0E4}.Release|Any CPU.Build.0 = Release|Any CPU
		{CB9FDA5F-4BFE-45FB-85CE-8206E17E0BF2}.Debug|Any CPU.ActiveCfg = Debug|Any CPU
		{CB9FDA5F-4BFE-45FB-85CE-8206E17E0BF2}.Debug|Any CPU.Build.0 = Debug|Any CPU
		{CB9FDA5F-4BFE-45FB-85CE-8206E17E0BF2}.Release|Any CPU.ActiveCfg = Release|Any CPU
		{CB9FDA5F-4BFE-45FB-85CE-8206E17E0BF2}.Release|Any CPU.Build.0 = Release|Any CPU
		{F11E2C51-FAD3-4DFD-82A1-D30CEB542118}.Debug|Any CPU.ActiveCfg = Debug|Any CPU
		{F11E2C51-FAD3-4DFD-82A1-D30CEB542118}.Debug|Any CPU.Build.0 = Debug|Any CPU
		{F11E2C51-FAD3-4DFD-82A1-D30CEB542118}.Release|Any CPU.ActiveCfg = Release|Any CPU
		{F11E2C51-FAD3-4DFD-82A1-D30CEB542118}.Release|Any CPU.Build.0 = Release|Any CPU
		{578756C0-67DB-42EA-BEF9-65ED8F0212AB}.Debug|Any CPU.ActiveCfg = Debug|Any CPU
		{578756C0-67DB-42EA-BEF9-65ED8F0212AB}.Debug|Any CPU.Build.0 = Debug|Any CPU
		{578756C0-67DB-42EA-BEF9-65ED8F0212AB}.Release|Any CPU.ActiveCfg = Release|Any CPU
		{578756C0-67DB-42EA-BEF9-65ED8F0212AB}.Release|Any CPU.Build.0 = Release|Any CPU
		{91B85069-83FE-4570-BA63-40051E6831DF}.Debug|Any CPU.ActiveCfg = Debug|Any CPU
		{91B85069-83FE-4570-BA63-40051E6831DF}.Debug|Any CPU.Build.0 = Debug|Any CPU
		{91B85069-83FE-4570-BA63-40051E6831DF}.Release|Any CPU.ActiveCfg = Release|Any CPU
		{91B85069-83FE-4570-BA63-40051E6831DF}.Release|Any CPU.Build.0 = Release|Any CPU
		{F2DD2057-8844-4E8C-AECD-22CD84842727}.Debug|Any CPU.ActiveCfg = Debug|Any CPU
		{F2DD2057-8844-4E8C-AECD-22CD84842727}.Debug|Any CPU.Build.0 = Debug|Any CPU
		{F2DD2057-8844-4E8C-AECD-22CD84842727}.Release|Any CPU.ActiveCfg = Release|Any CPU
		{F2DD2057-8844-4E8C-AECD-22CD84842727}.Release|Any CPU.Build.0 = Release|Any CPU
		{28467A9B-1288-429C-BEA8-A46DD0262EE9}.Debug|Any CPU.ActiveCfg = Debug|Any CPU
		{28467A9B-1288-429C-BEA8-A46DD0262EE9}.Debug|Any CPU.Build.0 = Debug|Any CPU
		{28467A9B-1288-429C-BEA8-A46DD0262EE9}.Release|Any CPU.ActiveCfg = Release|Any CPU
		{28467A9B-1288-429C-BEA8-A46DD0262EE9}.Release|Any CPU.Build.0 = Release|Any CPU
		{560F5EEC-0107-4AA4-85DD-586C84AF34A0}.Debug|Any CPU.ActiveCfg = Debug|Any CPU
		{560F5EEC-0107-4AA4-85DD-586C84AF34A0}.Debug|Any CPU.Build.0 = Debug|Any CPU
		{560F5EEC-0107-4AA4-85DD-586C84AF34A0}.Release|Any CPU.ActiveCfg = Release|Any CPU
		{560F5EEC-0107-4AA4-85DD-586C84AF34A0}.Release|Any CPU.Build.0 = Release|Any CPU
		{F7CDBD74-DAB8-46EB-8CAF-77F79EEB7D79}.Debug|Any CPU.ActiveCfg = Debug|Any CPU
		{F7CDBD74-DAB8-46EB-8CAF-77F79EEB7D79}.Debug|Any CPU.Build.0 = Debug|Any CPU
		{F7CDBD74-DAB8-46EB-8CAF-77F79EEB7D79}.Release|Any CPU.ActiveCfg = Release|Any CPU
		{F7CDBD74-DAB8-46EB-8CAF-77F79EEB7D79}.Release|Any CPU.Build.0 = Release|Any CPU
		{CE1109BF-FBDD-4144-B66D-B891D5852290}.Debug|Any CPU.ActiveCfg = Debug|Any CPU
		{CE1109BF-FBDD-4144-B66D-B891D5852290}.Debug|Any CPU.Build.0 = Debug|Any CPU
		{CE1109BF-FBDD-4144-B66D-B891D5852290}.Release|Any CPU.ActiveCfg = Release|Any CPU
		{CE1109BF-FBDD-4144-B66D-B891D5852290}.Release|Any CPU.Build.0 = Release|Any CPU
		{5E5158EE-2B66-4764-B758-DCA7BDBAC42B}.Debug|Any CPU.ActiveCfg = Debug|Any CPU
		{5E5158EE-2B66-4764-B758-DCA7BDBAC42B}.Debug|Any CPU.Build.0 = Debug|Any CPU
		{5E5158EE-2B66-4764-B758-DCA7BDBAC42B}.Release|Any CPU.ActiveCfg = Release|Any CPU
		{5E5158EE-2B66-4764-B758-DCA7BDBAC42B}.Release|Any CPU.Build.0 = Release|Any CPU
		{7D5F188F-000A-4B30-A3B9-452A3C989F87}.Debug|Any CPU.ActiveCfg = Debug|Any CPU
		{7D5F188F-000A-4B30-A3B9-452A3C989F87}.Debug|Any CPU.Build.0 = Debug|Any CPU
		{7D5F188F-000A-4B30-A3B9-452A3C989F87}.Release|Any CPU.ActiveCfg = Release|Any CPU
		{7D5F188F-000A-4B30-A3B9-452A3C989F87}.Release|Any CPU.Build.0 = Release|Any CPU
		{B8977321-080E-45CB-9632-75F816055B23}.Debug|Any CPU.ActiveCfg = Debug|Any CPU
		{B8977321-080E-45CB-9632-75F816055B23}.Debug|Any CPU.Build.0 = Debug|Any CPU
		{B8977321-080E-45CB-9632-75F816055B23}.Release|Any CPU.ActiveCfg = Release|Any CPU
		{B8977321-080E-45CB-9632-75F816055B23}.Release|Any CPU.Build.0 = Release|Any CPU
	EndGlobalSection
	GlobalSection(SolutionProperties) = preSolution
		HideSolutionNode = FALSE
	EndGlobalSection
	GlobalSection(ExtensibilityGlobals) = postSolution
		SolutionGuid = {25BAF175-C8FA-4A2C-BE90-2AA1515C1554}
	EndGlobalSection
EndGlobal
